{
    "_readme": [
        "This file locks the dependencies of your project to a known state",
        "Read more about it at https://getcomposer.org/doc/01-basic-usage.md#composer-lock-the-lock-file",
        "This file is @generated automatically"
    ],
    "hash": "445e9c4951b8a867d865e7855cf2f268",
    "content-hash": "ea78d64f5b7a45217110806a4a0d0aed",
    "packages": [
        {
            "name": "justintadlock/hybrid-core",
            "version": "3.0.0",
            "source": {
                "type": "git",
                "url": "https://github.com/justintadlock/hybrid-core.git",
                "reference": "80bd6ee4e1b38239dac17be9dfb2efa0a3071daf"
            },
            "dist": {
                "type": "zip",
                "url": "https://api.github.com/repos/justintadlock/hybrid-core/zipball/80bd6ee4e1b38239dac17be9dfb2efa0a3071daf",
                "reference": "80bd6ee4e1b38239dac17be9dfb2efa0a3071daf",
                "shasum": ""
            },
            "type": "library",
            "autoload": {
                "classmap": [
                    "hybrid.php"
                ]
            },
            "notification-url": "https://packagist.org/downloads/",
            "license": [
                "GPL-2.0+"
            ],
            "authors": [
                {
                    "name": "Justin Tadlock",
                    "email": "justin@justintadlock.com",
                    "homepage": "http://justintadlock.com"
                }
            ],
            "description": "Hybrid Core WordPress theme framework",
            "homepage": "http://themehybrid.com/hybrid-core",
            "keywords": [
                "wordpress"
            ],
            "time": "2015-08-17 21:31:12"
        }
    ],
    "packages-dev": [],
    "aliases": [],
    "minimum-stability": "stable",
    "stability-flags": [],
    "prefer-stable": false,
    "prefer-lowest": false,
    "platform": [],
    "platform-dev": []
}
